
Microsoft Visual Studio Solution File, Format Version 12.00
# Visual Studio Version 17
VisualStudioVersion = 17.2.32526.322
MinimumVisualStudioVersion = 10.0.40219.1
Project("{FAE04EC0-301F-11D3-BF4B-00C04F79EFBC}") = "Operators", "ConsoleApp5\Operators.csproj", "{24958E8B-F8A6-446D-BF1B-294491D982DF}"
EndProject
Global
	GlobalSection(SolutionConfigurationPlatforms) = preSolution
		Debug|Any CPU = Debug|Any CPU
		Release|Any CPU = Release|Any CPU
	EndGlobalSection
	GlobalSection(ProjectConfigurationPlatforms) = postSolution
		{24958E8B-F8A6-446D-BF1B-294491D982DF}.Debug|Any CPU.ActiveCfg = Debug|Any CPU
		{24958E8B-F8A6-446D-BF1B-294491D982DF}.Debug|Any CPU.Build.0 = Debug|Any CPU
		{24958E8B-F8A6-446D-BF1B-294491D982DF}.Release|Any CPU.ActiveCfg = Release|Any CPU
		{24958E8B-F8A6-446D-BF1B-294491D982DF}.Release|Any CPU.Build.0 = Release|Any CPU
	EndGlobalSection
	GlobalSection(SolutionProperties) = preSolution
		HideSolutionNode = FALSE
	EndGlobalSection
	GlobalSection(ExtensibilityGlobals) = postSolution
		SolutionGuid = {B35A7D69-EF6A-43B7-8961-F17A811FCE92}
	EndGlobalSection
EndGlobal
